
Microsoft Visual Studio Solution File, Format Version 12.00
# Visual Studio Version 17
VisualStudioVersion = 17.6.33815.320
MinimumVisualStudioVersion = 10.0.40219.1
Project("{9A19103F-16F7-4668-BE54-9A1E7A4F7556}") = "Mini IDE C++", "Mini IDE C++.csproj", "{66EE5733-B86F-47C4-A8F5-0F4751B5585E}"
EndProject
Project("{54435603-DBB4-11D2-8724-00A0C9A8B90C}") = "Instalador VK C++", "Instalador\Instalador Virtual Keyboard C++\Instalador VK C++\Instalador VK C++.vdproj", "{C3A2D786-B36C-4C85-857E-939B49B95AE5}"
EndProject
Global
	GlobalSection(SolutionConfigurationPlatforms) = preSolution
		Debug|Any CPU = Debug|Any CPU
		Debug|x64 = Debug|x64
		Release|Any CPU = Release|Any CPU
		Release|x64 = Release|x64
		Test|Any CPU = Test|Any CPU
		Test|x64 = Test|x64
	EndGlobalSection
	GlobalSection(ProjectConfigurationPlatforms) = postSolution
		{66EE5733-B86F-47C4-A8F5-0F4751B5585E}.Debug|Any CPU.ActiveCfg = Debug|Any CPU
		{66EE5733-B86F-47C4-A8F5-0F4751B5585E}.Debug|Any CPU.Build.0 = Debug|Any CPU
		{66EE5733-B86F-47C4-A8F5-0F4751B5585E}.Debug|x64.ActiveCfg = Debug|x64
		{66EE5733-B86F-47C4-A8F5-0F4751B5585E}.Debug|x64.Build.0 = Debug|x64
		{66EE5733-B86F-47C4-A8F5-0F4751B5585E}.Release|Any CPU.ActiveCfg = Release|Any CPU
		{66EE5733-B86F-47C4-A8F5-0F4751B5585E}.Release|Any CPU.Build.0 = Release|Any CPU
		{66EE5733-B86F-47C4-A8F5-0F4751B5585E}.Release|x64.ActiveCfg = Release|x64
		{66EE5733-B86F-47C4-A8F5-0F4751B5585E}.Release|x64.Build.0 = Release|x64
		{66EE5733-B86F-47C4-A8F5-0F4751B5585E}.Test|Any CPU.ActiveCfg = Test|Any CPU
		{66EE5733-B86F-47C4-A8F5-0F4751B5585E}.Test|Any CPU.Build.0 = Test|Any CPU
		{66EE5733-B86F-47C4-A8F5-0F4751B5585E}.Test|x64.ActiveCfg = Test|x64
		{66EE5733-B86F-47C4-A8F5-0F4751B5585E}.Test|x64.Build.0 = Test|x64
		{C3A2D786-B36C-4C85-857E-939B49B95AE5}.Debug|Any CPU.ActiveCfg = Debug
		{C3A2D786-B36C-4C85-857E-939B49B95AE5}.Debug|x64.ActiveCfg = Debug
		{C3A2D786-B36C-4C85-857E-939B49B95AE5}.Release|Any CPU.ActiveCfg = Release
		{C3A2D786-B36C-4C85-857E-939B49B95AE5}.Release|x64.ActiveCfg = Release
		{C3A2D786-B36C-4C85-857E-939B49B95AE5}.Test|Any CPU.ActiveCfg = Debug
		{C3A2D786-B36C-4C85-857E-939B49B95AE5}.Test|x64.ActiveCfg = Debug
	EndGlobalSection
	GlobalSection(SolutionProperties) = preSolution
		HideSolutionNode = FALSE
	EndGlobalSection
	GlobalSection(ExtensibilityGlobals) = postSolution
		SolutionGuid = {9C08B05E-A2C6-4345-9EC8-E46D8214A806}
	EndGlobalSection
EndGlobal
